
Microsoft Visual Studio Solution File, Format Version 12.00
Project("{FAE04EC0-301F-11D3-BF4B-00C04F79EFBC}") = "HangfireJobQueueExample", "HangfireJobQueueExample\HangfireJobQueueExample.csproj", "{DD452F71-A977-4FCD-A37E-FF39C1CABDD3}"
EndProject
Global
	GlobalSection(SolutionConfigurationPlatforms) = preSolution
		Debug|Any CPU = Debug|Any CPU
		Release|Any CPU = Release|Any CPU
	EndGlobalSection
	GlobalSection(ProjectConfigurationPlatforms) = postSolution
		{DD452F71-A977-4FCD-A37E-FF39C1CABDD3}.Debug|Any CPU.ActiveCfg = Debug|Any CPU
		{DD452F71-A977-4FCD-A37E-FF39C1CABDD3}.Debug|Any CPU.Build.0 = Debug|Any CPU
		{DD452F71-A977-4FCD-A37E-FF39C1CABDD3}.Release|Any CPU.ActiveCfg = Release|Any CPU
		{DD452F71-A977-4FCD-A37E-FF39C1CABDD3}.Release|Any CPU.Build.0 = Release|Any CPU
	EndGlobalSection
EndGlobal
